
Microsoft Visual Studio Solution File, Format Version 12.00
# Visual Studio 14
VisualStudioVersion = 14.0.24720.0
MinimumVisualStudioVersion = 10.0.40219.1
Project("{FAE04EC0-301F-11D3-BF4B-00C04F79EFBC}") = "OneWireAPI", "OneWireAPI\OneWireAPI.csproj", "{21AD5CE7-DFC6-4DC3-8C3E-3F72D5F84A6C}"
EndProject
Project("{FAE04EC0-301F-11D3-BF4B-00C04F79EFBC}") = "ReadTemp", "Test\ReadTemp.csproj", "{B0C3EF55-149B-4429-B601-921B80F64318}"
EndProject
Project("{FAE04EC0-301F-11D3-BF4B-00C04F79EFBC}") = "StartNetAdapterHost", "NetAdapterHostDesktop\StartNetAdapterHost.csproj", "{666C98D0-48BB-4302-930A-129A05DA2ADF}"
EndProject
Project("{FAE04EC0-301F-11D3-BF4B-00C04F79EFBC}") = "SHADebitDemo", "SHADebitDemo\SHADebitDemo.csproj", "{86AE7B40-73BA-4AC0-ACF2-CC1BB9C49AF0}"
EndProject
Project("{FAE04EC0-301F-11D3-BF4B-00C04F79EFBC}") = "FindiButtons", "FindiButtons\FindiButtons.csproj", "{13336D9B-D5EC-4D08-9F73-9322B7FE8D60}"
EndProject
Project("{FAE04EC0-301F-11D3-BF4B-00C04F79EFBC}") = "ListOW", "ListOW\ListOW.csproj", "{8D83CF6D-2ABC-4B64-A19C-033BC5CEB343}"
EndProject
Project("{FAE04EC0-301F-11D3-BF4B-00C04F79EFBC}") = "Switch", "Switch\Switch.csproj", "{21825039-4BF1-4BEB-A6D2-7AA094234A7D}"
EndProject
Project("{FAE04EC0-301F-11D3-BF4B-00C04F79EFBC}") = "TemperatureContainerDemo", "TemperatureContainerDemo\TemperatureContainerDemo.csproj", "{4952510B-7718-426B-B6D8-ABFD278EE399}"
EndProject
Project("{FAE04EC0-301F-11D3-BF4B-00C04F79EFBC}") = "DS2408Demo", "DS2408Demo\DS2408Demo.csproj", "{1C40CEF2-CCEE-4A00-85FF-7633B6BCC02A}"
EndProject
Project("{FAE04EC0-301F-11D3-BF4B-00C04F79EFBC}") = "OWDump", "OWDump\OWDump.csproj", "{19D47D5D-4674-4EEB-95F0-20CF7391ED44}"
EndProject
Project("{FAE04EC0-301F-11D3-BF4B-00C04F79EFBC}") = "OWWatch", "OWWatch\OWWatch.csproj", "{3D3DF877-4C60-447C-AACF-884AD6C1B3FD}"
EndProject
Project("{FAE04EC0-301F-11D3-BF4B-00C04F79EFBC}") = "OWFish", "OWFish\OWFish.csproj", "{47BF78FA-57A3-4B3B-B89E-0CA05C8B10DD}"
EndProject
Project("{FAE04EC0-301F-11D3-BF4B-00C04F79EFBC}") = "DemoSHAEE", "DemoSHAEE\DemoSHAEE.csproj", "{F7867A2F-F22E-46AF-9ED9-7ED6C480C617}"
EndProject
Project("{FAE04EC0-301F-11D3-BF4B-00C04F79EFBC}") = "ReadClock", "ReadClock\ReadClock.csproj", "{0FE7C4EA-E6C1-410E-AFD5-872AAE759169}"
EndProject
Project("{FAE04EC0-301F-11D3-BF4B-00C04F79EFBC}") = "ADContainerDemo", "ADContainerDemo\ADContainerDemo.csproj", "{E0BAA704-84B5-402E-B49D-C656DF800F81}"
EndProject
Project("{FAE04EC0-301F-11D3-BF4B-00C04F79EFBC}") = "Thermochron", "Thermochron\Thermochron.csproj", "{7FE1B16C-9AF2-4F61-A514-071512FBA11C}"
EndProject
Project("{FAE04EC0-301F-11D3-BF4B-00C04F79EFBC}") = "ReadDigPot", "ReadDigPot\ReadDigPot.csproj", "{50FA8AFF-E131-4BD6-8751-CC9012B88318}"
EndProject
Project("{FAE04EC0-301F-11D3-BF4B-00C04F79EFBC}") = "OWMemUtil", "OWMemUtil\OWMemUtil.csproj", "{D799741E-27BF-4F82-BF69-4B8F6A72563D}"
EndProject
Project("{FAE04EC0-301F-11D3-BF4B-00C04F79EFBC}") = "HumidityTest", "HumidityTest\HumidityTest.csproj", "{FA292CD0-74FA-4593-B3EB-C7F53B2C78BA}"
EndProject
Project("{FAE04EC0-301F-11D3-BF4B-00C04F79EFBC}") = "Hygrochron", "Hygrochron\Hygrochron.csproj", "{56B3A981-9AEA-400F-AF93-7B86D83273ED}"
EndProject
Global
	GlobalSection(SolutionConfigurationPlatforms) = preSolution
		Debug|Any CPU = Debug|Any CPU
		Debug|ARM = Debug|ARM
		Debug|x64 = Debug|x64
		Debug|x86 = Debug|x86
		Release|Any CPU = Release|Any CPU
		Release|ARM = Release|ARM
		Release|x64 = Release|x64
		Release|x86 = Release|x86
	EndGlobalSection
	GlobalSection(ProjectConfigurationPlatforms) = postSolution
		{21AD5CE7-DFC6-4DC3-8C3E-3F72D5F84A6C}.Debug|Any CPU.ActiveCfg = Debug|Any CPU
		{21AD5CE7-DFC6-4DC3-8C3E-3F72D5F84A6C}.Debug|Any CPU.Build.0 = Debug|Any CPU
		{21AD5CE7-DFC6-4DC3-8C3E-3F72D5F84A6C}.Debug|ARM.ActiveCfg = Debug|ARM
		{21AD5CE7-DFC6-4DC3-8C3E-3F72D5F84A6C}.Debug|ARM.Build.0 = Debug|ARM
		{21AD5CE7-DFC6-4DC3-8C3E-3F72D5F84A6C}.Debug|x64.ActiveCfg = Debug|x64
		{21AD5CE7-DFC6-4DC3-8C3E-3F72D5F84A6C}.Debug|x64.Build.0 = Debug|x64
		{21AD5CE7-DFC6-4DC3-8C3E-3F72D5F84A6C}.Debug|x86.ActiveCfg = Debug|x86
		{21AD5CE7-DFC6-4DC3-8C3E-3F72D5F84A6C}.Debug|x86.Build.0 = Debug|x86
		{21AD5CE7-DFC6-4DC3-8C3E-3F72D5F84A6C}.Release|Any CPU.ActiveCfg = Release|Any CPU
		{21AD5CE7-DFC6-4DC3-8C3E-3F72D5F84A6C}.Release|Any CPU.Build.0 = Release|Any CPU
		{21AD5CE7-DFC6-4DC3-8C3E-3F72D5F84A6C}.Release|ARM.ActiveCfg = Release|ARM
		{21AD5CE7-DFC6-4DC3-8C3E-3F72D5F84A6C}.Release|ARM.Build.0 = Release|ARM
		{21AD5CE7-DFC6-4DC3-8C3E-3F72D5F84A6C}.Release|x64.ActiveCfg = Release|x64
		{21AD5CE7-DFC6-4DC3-8C3E-3F72D5F84A6C}.Release|x64.Build.0 = Release|x64
		{21AD5CE7-DFC6-4DC3-8C3E-3F72D5F84A6C}.Release|x86.ActiveCfg = Release|x86
		{21AD5CE7-DFC6-4DC3-8C3E-3F72D5F84A6C}.Release|x86.Build.0 = Release|x86
		{B0C3EF55-149B-4429-B601-921B80F64318}.Debug|Any CPU.ActiveCfg = Debug|x86
		{B0C3EF55-149B-4429-B601-921B80F64318}.Debug|ARM.ActiveCfg = Debug|ARM
		{B0C3EF55-149B-4429-B601-921B80F64318}.Debug|ARM.Build.0 = Debug|ARM
		{B0C3EF55-149B-4429-B601-921B80F64318}.Debug|ARM.Deploy.0 = Debug|ARM
		{B0C3EF55-149B-4429-B601-921B80F64318}.Debug|x64.ActiveCfg = Debug|x64
		{B0C3EF55-149B-4429-B601-921B80F64318}.Debug|x64.Build.0 = Debug|x64
		{B0C3EF55-149B-4429-B601-921B80F64318}.Debug|x64.Deploy.0 = Debug|x64
		{B0C3EF55-149B-4429-B601-921B80F64318}.Debug|x86.ActiveCfg = Debug|x86
		{B0C3EF55-149B-4429-B601-921B80F64318}.Debug|x86.Build.0 = Debug|x86
		{B0C3EF55-149B-4429-B601-921B80F64318}.Debug|x86.Deploy.0 = Debug|x86
		{B0C3EF55-149B-4429-B601-921B80F64318}.Release|Any CPU.ActiveCfg = Release|x86
		{B0C3EF55-149B-4429-B601-921B80F64318}.Release|ARM.ActiveCfg = Release|ARM
		{B0C3EF55-149B-4429-B601-921B80F64318}.Release|ARM.Build.0 = Release|ARM
		{B0C3EF55-149B-4429-B601-921B80F64318}.Release|ARM.Deploy.0 = Release|ARM
		{B0C3EF55-149B-4429-B601-921B80F64318}.Release|x64.ActiveCfg = Release|x64
		{B0C3EF55-149B-4429-B601-921B80F64318}.Release|x64.Build.0 = Release|x64
		{B0C3EF55-149B-4429-B601-921B80F64318}.Release|x64.Deploy.0 = Release|x64
		{B0C3EF55-149B-4429-B601-921B80F64318}.Release|x86.ActiveCfg = Release|x86
		{B0C3EF55-149B-4429-B601-921B80F64318}.Release|x86.Build.0 = Release|x86
		{B0C3EF55-149B-4429-B601-921B80F64318}.Release|x86.Deploy.0 = Release|x86
		{666C98D0-48BB-4302-930A-129A05DA2ADF}.Debug|Any CPU.ActiveCfg = Debug|x86
		{666C98D0-48BB-4302-930A-129A05DA2ADF}.Debug|ARM.ActiveCfg = Debug|ARM
		{666C98D0-48BB-4302-930A-129A05DA2ADF}.Debug|ARM.Build.0 = Debug|ARM
		{666C98D0-48BB-4302-930A-129A05DA2ADF}.Debug|ARM.Deploy.0 = Debug|ARM
		{666C98D0-48BB-4302-930A-129A05DA2ADF}.Debug|x64.ActiveCfg = Debug|x64
		{666C98D0-48BB-4302-930A-129A05DA2ADF}.Debug|x64.Build.0 = Debug|x64
		{666C98D0-48BB-4302-930A-129A05DA2ADF}.Debug|x64.Deploy.0 = Debug|x64
		{666C98D0-48BB-4302-930A-129A05DA2ADF}.Debug|x86.ActiveCfg = Debug|x86
		{666C98D0-48BB-4302-930A-129A05DA2ADF}.Debug|x86.Build.0 = Debug|x86
		{666C98D0-48BB-4302-930A-129A05DA2ADF}.Debug|x86.Deploy.0 = Debug|x86
		{666C98D0-48BB-4302-930A-129A05DA2ADF}.Release|Any CPU.ActiveCfg = Release|x86
		{666C98D0-48BB-4302-930A-129A05DA2ADF}.Release|ARM.ActiveCfg = Release|ARM
		{666C98D0-48BB-4302-930A-129A05DA2ADF}.Release|ARM.Build.0 = Release|ARM
		{666C98D0-48BB-4302-930A-129A05DA2ADF}.Release|ARM.Deploy.0 = Release|ARM
		{666C98D0-48BB-4302-930A-129A05DA2ADF}.Release|x64.ActiveCfg = Release|x64
		{666C98D0-48BB-4302-930A-129A05DA2ADF}.Release|x64.Build.0 = Release|x64
		{666C98D0-48BB-4302-930A-129A05DA2ADF}.Release|x64.Deploy.0 = Release|x64
		{666C98D0-48BB-4302-930A-129A05DA2ADF}.Release|x86.ActiveCfg = Release|x86
		{666C98D0-48BB-4302-930A-129A05DA2ADF}.Release|x86.Build.0 = Release|x86
		{666C98D0-48BB-4302-930A-129A05DA2ADF}.Release|x86.Deploy.0 = Release|x86
		{86AE7B40-73BA-4AC0-ACF2-CC1BB9C49AF0}.Debug|Any CPU.ActiveCfg = Debug|x86
		{86AE7B40-73BA-4AC0-ACF2-CC1BB9C49AF0}.Debug|ARM.ActiveCfg = Debug|ARM
		{86AE7B40-73BA-4AC0-ACF2-CC1BB9C49AF0}.Debug|ARM.Build.0 = Debug|ARM
		{86AE7B40-73BA-4AC0-ACF2-CC1BB9C49AF0}.Debug|ARM.Deploy.0 = Debug|ARM
		{86AE7B40-73BA-4AC0-ACF2-CC1BB9C49AF0}.Debug|x64.ActiveCfg = Debug|x64
		{86AE7B40-73BA-4AC0-ACF2-CC1BB9C49AF0}.Debug|x64.Build.0 = Debug|x64
		{86AE7B40-73BA-4AC0-ACF2-CC1BB9C49AF0}.Debug|x64.Deploy.0 = Debug|x64
		{86AE7B40-73BA-4AC0-ACF2-CC1BB9C49AF0}.Debug|x86.ActiveCfg = Debug|x86
		{86AE7B40-73BA-4AC0-ACF2-CC1BB9C49AF0}.Debug|x86.Build.0 = Debug|x86
		{86AE7B40-73BA-4AC0-ACF2-CC1BB9C49AF0}.Debug|x86.Deploy.0 = Debug|x86
		{86AE7B40-73BA-4AC0-ACF2-CC1BB9C49AF0}.Release|Any CPU.ActiveCfg = Release|x86
		{86AE7B40-73BA-4AC0-ACF2-CC1BB9C49AF0}.Release|ARM.ActiveCfg = Release|ARM
		{86AE7B40-73BA-4AC0-ACF2-CC1BB9C49AF0}.Release|ARM.Build.0 = Release|ARM
		{86AE7B40-73BA-4AC0-ACF2-CC1BB9C49AF0}.Release|ARM.Deploy.0 = Release|ARM
		{86AE7B40-73BA-4AC0-ACF2-CC1BB9C49AF0}.Release|x64.ActiveCfg = Release|x64
		{86AE7B40-73BA-4AC0-ACF2-CC1BB9C49AF0}.Release|x64.Build.0 = Release|x64
		{86AE7B40-73BA-4AC0-ACF2-CC1BB9C49AF0}.Release|x64.Deploy.0 = Release|x64
		{86AE7B40-73BA-4AC0-ACF2-CC1BB9C49AF0}.Release|x86.ActiveCfg = Release|x86
		{86AE7B40-73BA-4AC0-ACF2-CC1BB9C49AF0}.Release|x86.Build.0 = Release|x86
		{86AE7B40-73BA-4AC0-ACF2-CC1BB9C49AF0}.Release|x86.Deploy.0 = Release|x86
		{13336D9B-D5EC-4D08-9F73-9322B7FE8D60}.Debug|Any CPU.ActiveCfg = Debug|x86
		{13336D9B-D5EC-4D08-9F73-9322B7FE8D60}.Debug|ARM.ActiveCfg = Debug|ARM
		{13336D9B-D5EC-4D08-9F73-9322B7FE8D60}.Debug|ARM.Build.0 = Debug|ARM
		{13336D9B-D5EC-4D08-9F73-9322B7FE8D60}.Debug|ARM.Deploy.0 = Debug|ARM
		{13336D9B-D5EC-4D08-9F73-9322B7FE8D60}.Debug|x64.ActiveCfg = Debug|x64
		{13336D9B-D5EC-4D08-9F73-9322B7FE8D60}.Debug|x64.Build.0 = Debug|x64
		{13336D9B-D5EC-4D08-9F73-9322B7FE8D60}.Debug|x64.Deploy.0 = Debug|x64
		{13336D9B-D5EC-4D08-9F73-9322B7FE8D60}.Debug|x86.ActiveCfg = Debug|x86
		{13336D9B-D5EC-4D08-9F73-9322B7FE8D60}.Debug|x86.Build.0 = Debug|x86
		{13336D9B-D5EC-4D08-9F73-9322B7FE8D60}.Debug|x86.Deploy.0 = Debug|x86
		{13336D9B-D5EC-4D08-9F73-9322B7FE8D60}.Release|Any CPU.ActiveCfg = Release|x86
		{13336D9B-D5EC-4D08-9F73-9322B7FE8D60}.Release|ARM.ActiveCfg = Release|ARM
		{13336D9B-D5EC-4D08-9F73-9322B7FE8D60}.Release|ARM.Build.0 = Release|ARM
		{13336D9B-D5EC-4D08-9F73-9322B7FE8D60}.Release|ARM.Deploy.0 = Release|ARM
		{13336D9B-D5EC-4D08-9F73-9322B7FE8D60}.Release|x64.ActiveCfg = Release|x64
		{13336D9B-D5EC-4D08-9F73-9322B7FE8D60}.Release|x64.Build.0 = Release|x64
		{13336D9B-D5EC-4D08-9F73-9322B7FE8D60}.Release|x64.Deploy.0 = Release|x64
		{13336D9B-D5EC-4D08-9F73-9322B7FE8D60}.Release|x86.ActiveCfg = Release|x86
		{13336D9B-D5EC-4D08-9F73-9322B7FE8D60}.Release|x86.Build.0 = Release|x86
		{13336D9B-D5EC-4D08-9F73-9322B7FE8D60}.Release|x86.Deploy.0 = Release|x86
		{8D83CF6D-2ABC-4B64-A19C-033BC5CEB343}.Debug|Any CPU.ActiveCfg = Debug|x86
		{8D83CF6D-2ABC-4B64-A19C-033BC5CEB343}.Debug|ARM.ActiveCfg = Debug|ARM
		{8D83CF6D-2ABC-4B64-A19C-033BC5CEB343}.Debug|ARM.Build.0 = Debug|ARM
		{8D83CF6D-2ABC-4B64-A19C-033BC5CEB343}.Debug|ARM.Deploy.0 = Debug|ARM
		{8D83CF6D-2ABC-4B64-A19C-033BC5CEB343}.Debug|x64.ActiveCfg = Debug|x64
		{8D83CF6D-2ABC-4B64-A19C-033BC5CEB343}.Debug|x64.Build.0 = Debug|x64
		{8D83CF6D-2ABC-4B64-A19C-033BC5CEB343}.Debug|x64.Deploy.0 = Debug|x64
		{8D83CF6D-2ABC-4B64-A19C-033BC5CEB343}.Debug|x86.ActiveCfg = Debug|x86
		{8D83CF6D-2ABC-4B64-A19C-033BC5CEB343}.Debug|x86.Build.0 = Debug|x86
		{8D83CF6D-2ABC-4B64-A19C-033BC5CEB343}.Debug|x86.Deploy.0 = Debug|x86
		{8D83CF6D-2ABC-4B64-A19C-033BC5CEB343}.Release|Any CPU.ActiveCfg = Release|x86
		{8D83CF6D-2ABC-4B64-A19C-033BC5CEB343}.Release|ARM.ActiveCfg = Release|ARM
		{8D83CF6D-2ABC-4B64-A19C-033BC5CEB343}.Release|ARM.Build.0 = Release|ARM
		{8D83CF6D-2ABC-4B64-A19C-033BC5CEB343}.Release|ARM.Deploy.0 = Release|ARM
		{8D83CF6D-2ABC-4B64-A19C-033BC5CEB343}.Release|x64.ActiveCfg = Release|x64
		{8D83CF6D-2ABC-4B64-A19C-033BC5CEB343}.Release|x64.Build.0 = Release|x64
		{8D83CF6D-2ABC-4B64-A19C-033BC5CEB343}.Release|x64.Deploy.0 = Release|x64
		{8D83CF6D-2ABC-4B64-A19C-033BC5CEB343}.Release|x86.ActiveCfg = Release|x86
		{8D83CF6D-2ABC-4B64-A19C-033BC5CEB343}.Release|x86.Build.0 = Release|x86
		{8D83CF6D-2ABC-4B64-A19C-033BC5CEB343}.Release|x86.Deploy.0 = Release|x86
		{21825039-4BF1-4BEB-A6D2-7AA094234A7D}.Debug|Any CPU.ActiveCfg = Debug|x86
		{21825039-4BF1-4BEB-A6D2-7AA094234A7D}.Debug|ARM.ActiveCfg = Debug|ARM
		{21825039-4BF1-4BEB-A6D2-7AA094234A7D}.Debug|ARM.Build.0 = Debug|ARM
		{21825039-4BF1-4BEB-A6D2-7AA094234A7D}.Debug|ARM.Deploy.0 = Debug|ARM
		{21825039-4BF1-4BEB-A6D2-7AA094234A7D}.Debug|x64.ActiveCfg = Debug|x64
		{21825039-4BF1-4BEB-A6D2-7AA094234A7D}.Debug|x64.Build.0 = Debug|x64
		{21825039-4BF1-4BEB-A6D2-7AA094234A7D}.Debug|x64.Deploy.0 = Debug|x64
		{21825039-4BF1-4BEB-A6D2-7AA094234A7D}.Debug|x86.ActiveCfg = Debug|x86
		{21825039-4BF1-4BEB-A6D2-7AA094234A7D}.Debug|x86.Build.0 = Debug|x86
		{21825039-4BF1-4BEB-A6D2-7AA094234A7D}.Debug|x86.Deploy.0 = Debug|x86
		{21825039-4BF1-4BEB-A6D2-7AA094234A7D}.Release|Any CPU.ActiveCfg = Release|x86
		{21825039-4BF1-4BEB-A6D2-7AA094234A7D}.Release|ARM.ActiveCfg = Release|ARM
		{21825039-4BF1-4BEB-A6D2-7AA094234A7D}.Release|ARM.Build.0 = Release|ARM
		{21825039-4BF1-4BEB-A6D2-7AA094234A7D}.Release|ARM.Deploy.0 = Release|ARM
		{21825039-4BF1-4BEB-A6D2-7AA094234A7D}.Release|x64.ActiveCfg = Release|x64
		{21825039-4BF1-4BEB-A6D2-7AA094234A7D}.Release|x64.Build.0 = Release|x64
		{21825039-4BF1-4BEB-A6D2-7AA094234A7D}.Release|x64.Deploy.0 = Release|x64
		{21825039-4BF1-4BEB-A6D2-7AA094234A7D}.Release|x86.ActiveCfg = Release|x86
		{21825039-4BF1-4BEB-A6D2-7AA094234A7D}.Release|x86.Build.0 = Release|x86
		{21825039-4BF1-4BEB-A6D2-7AA094234A7D}.Release|x86.Deploy.0 = Release|x86
		{4952510B-7718-426B-B6D8-ABFD278EE399}.Debug|Any CPU.ActiveCfg = Debug|x86
		{4952510B-7718-426B-B6D8-ABFD278EE399}.Debug|ARM.ActiveCfg = Debug|ARM
		{4952510B-7718-426B-B6D8-ABFD278EE399}.Debug|ARM.Build.0 = Debug|ARM
		{4952510B-7718-426B-B6D8-ABFD278EE399}.Debug|ARM.Deploy.0 = Debug|ARM
		{4952510B-7718-426B-B6D8-ABFD278EE399}.Debug|x64.ActiveCfg = Debug|x64
		{4952510B-7718-426B-B6D8-ABFD278EE399}.Debug|x64.Build.0 = Debug|x64
		{4952510B-7718-426B-B6D8-ABFD278EE399}.Debug|x64.Deploy.0 = Debug|x64
		{4952510B-7718-426B-B6D8-ABFD278EE399}.Debug|x86.ActiveCfg = Debug|x86
		{4952510B-7718-426B-B6D8-ABFD278EE399}.Debug|x86.Build.0 = Debug|x86
		{4952510B-7718-426B-B6D8-ABFD278EE399}.Debug|x86.Deploy.0 = Debug|x86
		{4952510B-7718-426B-B6D8-ABFD278EE399}.Release|Any CPU.ActiveCfg = Release|x86
		{4952510B-7718-426B-B6D8-ABFD278EE399}.Release|ARM.ActiveCfg = Release|ARM
		{4952510B-7718-426B-B6D8-ABFD278EE399}.Release|ARM.Build.0 = Release|ARM
		{4952510B-7718-426B-B6D8-ABFD278EE399}.Release|ARM.Deploy.0 = Release|ARM
		{4952510B-7718-426B-B6D8-ABFD278EE399}.Release|x64.ActiveCfg = Release|x64
		{4952510B-7718-426B-B6D8-ABFD278EE399}.Release|x64.Build.0 = Release|x64
		{4952510B-7718-426B-B6D8-ABFD278EE399}.Release|x64.Deploy.0 = Release|x64
		{4952510B-7718-426B-B6D8-ABFD278EE399}.Release|x86.ActiveCfg = Release|x86
		{4952510B-7718-426B-B6D8-ABFD278EE399}.Release|x86.Build.0 = Release|x86
		{4952510B-7718-426B-B6D8-ABFD278EE399}.Release|x86.Deploy.0 = Release|x86
		{1C40CEF2-CCEE-4A00-85FF-7633B6BCC02A}.Debug|Any CPU.ActiveCfg = Debug|x86
		{1C40CEF2-CCEE-4A00-85FF-7633B6BCC02A}.Debug|ARM.ActiveCfg = Debug|ARM
		{1C40CEF2-CCEE-4A00-85FF-7633B6BCC02A}.Debug|ARM.Build.0 = Debug|ARM
		{1C40CEF2-CCEE-4A00-85FF-7633B6BCC02A}.Debug|ARM.Deploy.0 = Debug|ARM
		{1C40CEF2-CCEE-4A00-85FF-7633B6BCC02A}.Debug|x64.ActiveCfg = Debug|x64
		{1C40CEF2-CCEE-4A00-85FF-7633B6BCC02A}.Debug|x64.Build.0 = Debug|x64
		{1C40CEF2-CCEE-4A00-85FF-7633B6BCC02A}.Debug|x64.Deploy.0 = Debug|x64
		{1C40CEF2-CCEE-4A00-85FF-7633B6BCC02A}.Debug|x86.ActiveCfg = Debug|x86
		{1C40CEF2-CCEE-4A00-85FF-7633B6BCC02A}.Debug|x86.Build.0 = Debug|x86
		{1C40CEF2-CCEE-4A00-85FF-7633B6BCC02A}.Debug|x86.Deploy.0 = Debug|x86
		{1C40CEF2-CCEE-4A00-85FF-7633B6BCC02A}.Release|Any CPU.ActiveCfg = Release|x86
		{1C40CEF2-CCEE-4A00-85FF-7633B6BCC02A}.Release|ARM.ActiveCfg = Release|ARM
		{1C40CEF2-CCEE-4A00-85FF-7633B6BCC02A}.Release|ARM.Build.0 = Release|ARM
		{1C40CEF2-CCEE-4A00-85FF-7633B6BCC02A}.Release|ARM.Deploy.0 = Release|ARM
		{1C40CEF2-CCEE-4A00-85FF-7633B6BCC02A}.Release|x64.ActiveCfg = Release|x64
		{1C40CEF2-CCEE-4A00-85FF-7633B6BCC02A}.Release|x64.Build.0 = Release|x64
		{1C40CEF2-CCEE-4A00-85FF-7633B6BCC02A}.Release|x64.Deploy.0 = Release|x64
		{1C40CEF2-CCEE-4A00-85FF-7633B6BCC02A}.Release|x86.ActiveCfg = Release|x86
		{1C40CEF2-CCEE-4A00-85FF-7633B6BCC02A}.Release|x86.Build.0 = Release|x86
		{1C40CEF2-CCEE-4A00-85FF-7633B6BCC02A}.Release|x86.Deploy.0 = Release|x86
		{19D47D5D-4674-4EEB-95F0-20CF7391ED44}.Debug|Any CPU.ActiveCfg = Debug|x86
		{19D47D5D-4674-4EEB-95F0-20CF7391ED44}.Debug|ARM.ActiveCfg = Debug|ARM
		{19D47D5D-4674-4EEB-95F0-20CF7391ED44}.Debug|ARM.Build.0 = Debug|ARM
		{19D47D5D-4674-4EEB-95F0-20CF7391ED44}.Debug|ARM.Deploy.0 = Debug|ARM
		{19D47D5D-4674-4EEB-95F0-20CF7391ED44}.Debug|x64.ActiveCfg = Debug|x64
		{19D47D5D-4674-4EEB-95F0-20CF7391ED44}.Debug|x64.Build.0 = Debug|x64
		{19D47D5D-4674-4EEB-95F0-20CF7391ED44}.Debug|x64.Deploy.0 = Debug|x64
		{19D47D5D-4674-4EEB-95F0-20CF7391ED44}.Debug|x86.ActiveCfg = Debug|x86
		{19D47D5D-4674-4EEB-95F0-20CF7391ED44}.Debug|x86.Build.0 = Debug|x86
		{19D47D5D-4674-4EEB-95F0-20CF7391ED44}.Debug|x86.Deploy.0 = Debug|x86
		{19D47D5D-4674-4EEB-95F0-20CF7391ED44}.Release|Any CPU.ActiveCfg = Release|x86
		{19D47D5D-4674-4EEB-95F0-20CF7391ED44}.Release|ARM.ActiveCfg = Release|ARM
		{19D47D5D-4674-4EEB-95F0-20CF7391ED44}.Release|ARM.Build.0 = Release|ARM
		{19D47D5D-4674-4EEB-95F0-20CF7391ED44}.Release|ARM.Deploy.0 = Release|ARM
		{19D47D5D-4674-4EEB-95F0-20CF7391ED44}.Release|x64.ActiveCfg = Release|x64
		{19D47D5D-4674-4EEB-95F0-20CF7391ED44}.Release|x64.Build.0 = Release|x64
		{19D47D5D-4674-4EEB-95F0-20CF7391ED44}.Release|x64.Deploy.0 = Release|x64
		{19D47D5D-4674-4EEB-95F0-20CF7391ED44}.Release|x86.ActiveCfg = Release|x86
		{19D47D5D-4674-4EEB-95F0-20CF7391ED44}.Release|x86.Build.0 = Release|x86
		{19D47D5D-4674-4EEB-95F0-20CF7391ED44}.Release|x86.Deploy.0 = Release|x86
		{3D3DF877-4C60-447C-AACF-884AD6C1B3FD}.Debug|Any CPU.ActiveCfg = Debug|x86
		{3D3DF877-4C60-447C-AACF-884AD6C1B3FD}.Debug|ARM.ActiveCfg = Debug|ARM
		{3D3DF877-4C60-447C-AACF-884AD6C1B3FD}.Debug|ARM.Build.0 = Debug|ARM
		{3D3DF877-4C60-447C-AACF-884AD6C1B3FD}.Debug|ARM.Deploy.0 = Debug|ARM
		{3D3DF877-4C60-447C-AACF-884AD6C1B3FD}.Debug|x64.ActiveCfg = Debug|x64
		{3D3DF877-4C60-447C-AACF-884AD6C1B3FD}.Debug|x64.Build.0 = Debug|x64
		{3D3DF877-4C60-447C-AACF-884AD6C1B3FD}.Debug|x64.Deploy.0 = Debug|x64
		{3D3DF877-4C60-447C-AACF-884AD6C1B3FD}.Debug|x86.ActiveCfg = Debug|x86
		{3D3DF877-4C60-447C-AACF-884AD6C1B3FD}.Debug|x86.Build.0 = Debug|x86
		{3D3DF877-4C60-447C-AACF-884AD6C1B3FD}.Debug|x86.Deploy.0 = Debug|x86
		{3D3DF877-4C60-447C-AACF-884AD6C1B3FD}.Release|Any CPU.ActiveCfg = Release|x86
		{3D3DF877-4C60-447C-AACF-884AD6C1B3FD}.Release|ARM.ActiveCfg = Release|ARM
		{3D3DF877-4C60-447C-AACF-884AD6C1B3FD}.Release|ARM.Build.0 = Release|ARM
		{3D3DF877-4C60-447C-AACF-884AD6C1B3FD}.Release|ARM.Deploy.0 = Release|ARM
		{3D3DF877-4C60-447C-AACF-884AD6C1B3FD}.Release|x64.ActiveCfg = Release|x64
		{3D3DF877-4C60-447C-AACF-884AD6C1B3FD}.Release|x64.Build.0 = Release|x64
		{3D3DF877-4C60-447C-AACF-884AD6C1B3FD}.Release|x64.Deploy.0 = Release|x64
		{3D3DF877-4C60-447C-AACF-884AD6C1B3FD}.Release|x86.ActiveCfg = Release|x86
		{3D3DF877-4C60-447C-AACF-884AD6C1B3FD}.Release|x86.Build.0 = Release|x86
		{3D3DF877-4C60-447C-AACF-884AD6C1B3FD}.Release|x86.Deploy.0 = Release|x86
		{47BF78FA-57A3-4B3B-B89E-0CA05C8B10DD}.Debug|Any CPU.ActiveCfg = Debug|x86
		{47BF78FA-57A3-4B3B-B89E-0CA05C8B10DD}.Debug|ARM.ActiveCfg = Debug|ARM
		{47BF78FA-57A3-4B3B-B89E-0CA05C8B10DD}.Debug|ARM.Build.0 = Debug|ARM
		{47BF78FA-57A3-4B3B-B89E-0CA05C8B10DD}.Debug|ARM.Deploy.0 = Debug|ARM
		{47BF78FA-57A3-4B3B-B89E-0CA05C8B10DD}.Debug|x64.ActiveCfg = Debug|x64
		{47BF78FA-57A3-4B3B-B89E-0CA05C8B10DD}.Debug|x64.Build.0 = Debug|x64
		{47BF78FA-57A3-4B3B-B89E-0CA05C8B10DD}.Debug|x64.Deploy.0 = Debug|x64
		{47BF78FA-57A3-4B3B-B89E-0CA05C8B10DD}.Debug|x86.ActiveCfg = Debug|x86
		{47BF78FA-57A3-4B3B-B89E-0CA05C8B10DD}.Debug|x86.Build.0 = Debug|x86
		{47BF78FA-57A3-4B3B-B89E-0CA05C8B10DD}.Debug|x86.Deploy.0 = Debug|x86
		{47BF78FA-57A3-4B3B-B89E-0CA05C8B10DD}.Release|Any CPU.ActiveCfg = Release|x86
		{47BF78FA-57A3-4B3B-B89E-0CA05C8B10DD}.Release|ARM.ActiveCfg = Release|ARM
		{47BF78FA-57A3-4B3B-B89E-0CA05C8B10DD}.Release|ARM.Build.0 = Release|ARM
		{47BF78FA-57A3-4B3B-B89E-0CA05C8B10DD}.Release|ARM.Deploy.0 = Release|ARM
		{47BF78FA-57A3-4B3B-B89E-0CA05C8B10DD}.Release|x64.ActiveCfg = Release|x64
		{47BF78FA-57A3-4B3B-B89E-0CA05C8B10DD}.Release|x64.Build.0 = Release|x64
		{47BF78FA-57A3-4B3B-B89E-0CA05C8B10DD}.Release|x64.Deploy.0 = Release|x64
		{47BF78FA-57A3-4B3B-B89E-0CA05C8B10DD}.Release|x86.ActiveCfg = Release|x86
		{47BF78FA-57A3-4B3B-B89E-0CA05C8B10DD}.Release|x86.Build.0 = Release|x86
		{47BF78FA-57A3-4B3B-B89E-0CA05C8B10DD}.Release|x86.Deploy.0 = Release|x86
		{F7867A2F-F22E-46AF-9ED9-7ED6C480C617}.Debug|Any CPU.ActiveCfg = Debug|x86
		{F7867A2F-F22E-46AF-9ED9-7ED6C480C617}.Debug|ARM.ActiveCfg = Debug|ARM
		{F7867A2F-F22E-46AF-9ED9-7ED6C480C617}.Debug|ARM.Build.0 = Debug|ARM
		{F7867A2F-F22E-46AF-9ED9-7ED6C480C617}.Debug|ARM.Deploy.0 = Debug|ARM
		{F7867A2F-F22E-46AF-9ED9-7ED6C480C617}.Debug|x64.ActiveCfg = Debug|x64
		{F7867A2F-F22E-46AF-9ED9-7ED6C480C617}.Debug|x64.Build.0 = Debug|x64
		{F7867A2F-F22E-46AF-9ED9-7ED6C480C617}.Debug|x64.Deploy.0 = Debug|x64
		{F7867A2F-F22E-46AF-9ED9-7ED6C480C617}.Debug|x86.ActiveCfg = Debug|x86
		{F7867A2F-F22E-46AF-9ED9-7ED6C480C617}.Debug|x86.Build.0 = Debug|x86
		{F7867A2F-F22E-46AF-9ED9-7ED6C480C617}.Debug|x86.Deploy.0 = Debug|x86
		{F7867A2F-F22E-46AF-9ED9-7ED6C480C617}.Release|Any CPU.ActiveCfg = Release|x86
		{F7867A2F-F22E-46AF-9ED9-7ED6C480C617}.Release|ARM.ActiveCfg = Release|ARM
		{F7867A2F-F22E-46AF-9ED9-7ED6C480C617}.Release|ARM.Build.0 = Release|ARM
		{F7867A2F-F22E-46AF-9ED9-7ED6C480C617}.Release|ARM.Deploy.0 = Release|ARM
		{F7867A2F-F22E-46AF-9ED9-7ED6C480C617}.Release|x64.ActiveCfg = Release|x64
		{F7867A2F-F22E-46AF-9ED9-7ED6C480C617}.Release|x64.Build.0 = Release|x64
		{F7867A2F-F22E-46AF-9ED9-7ED6C480C617}.Release|x64.Deploy.0 = Release|x64
		{F7867A2F-F22E-46AF-9ED9-7ED6C480C617}.Release|x86.ActiveCfg = Release|x86
		{F7867A2F-F22E-46AF-9ED9-7ED6C480C617}.Release|x86.Build.0 = Release|x86
		{F7867A2F-F22E-46AF-9ED9-7ED6C480C617}.Release|x86.Deploy.0 = Release|x86
		{0FE7C4EA-E6C1-410E-AFD5-872AAE759169}.Debug|Any CPU.ActiveCfg = Debug|x86
		{0FE7C4EA-E6C1-410E-AFD5-872AAE759169}.Debug|ARM.ActiveCfg = Debug|ARM
		{0FE7C4EA-E6C1-410E-AFD5-872AAE759169}.Debug|ARM.Build.0 = Debug|ARM
		{0FE7C4EA-E6C1-410E-AFD5-872AAE759169}.Debug|ARM.Deploy.0 = Debug|ARM
		{0FE7C4EA-E6C1-410E-AFD5-872AAE759169}.Debug|x64.ActiveCfg = Debug|x64
		{0FE7C4EA-E6C1-410E-AFD5-872AAE759169}.Debug|x64.Build.0 = Debug|x64
		{0FE7C4EA-E6C1-410E-AFD5-872AAE759169}.Debug|x64.Deploy.0 = Debug|x64
		{0FE7C4EA-E6C1-410E-AFD5-872AAE759169}.Debug|x86.ActiveCfg = Debug|x86
		{0FE7C4EA-E6C1-410E-AFD5-872AAE759169}.Debug|x86.Build.0 = Debug|x86
		{0FE7C4EA-E6C1-410E-AFD5-872AAE759169}.Debug|x86.Deploy.0 = Debug|x86
		{0FE7C4EA-E6C1-410E-AFD5-872AAE759169}.Release|Any CPU.ActiveCfg = Release|x86
		{0FE7C4EA-E6C1-410E-AFD5-872AAE759169}.Release|ARM.ActiveCfg = Release|ARM
		{0FE7C4EA-E6C1-410E-AFD5-872AAE759169}.Release|ARM.Build.0 = Release|ARM
		{0FE7C4EA-E6C1-410E-AFD5-872AAE759169}.Release|ARM.Deploy.0 = Release|ARM
		{0FE7C4EA-E6C1-410E-AFD5-872AAE759169}.Release|x64.ActiveCfg = Release|x64
		{0FE7C4EA-E6C1-410E-AFD5-872AAE759169}.Release|x64.Build.0 = Release|x64
		{0FE7C4EA-E6C1-410E-AFD5-872AAE759169}.Release|x64.Deploy.0 = Release|x64
		{0FE7C4EA-E6C1-410E-AFD5-872AAE759169}.Release|x86.ActiveCfg = Release|x86
		{0FE7C4EA-E6C1-410E-AFD5-872AAE759169}.Release|x86.Build.0 = Release|x86
		{0FE7C4EA-E6C1-410E-AFD5-872AAE759169}.Release|x86.Deploy.0 = Release|x86
		{E0BAA704-84B5-402E-B49D-C656DF800F81}.Debug|Any CPU.ActiveCfg = Debug|x86
		{E0BAA704-84B5-402E-B49D-C656DF800F81}.Debug|ARM.ActiveCfg = Debug|ARM
		{E0BAA704-84B5-402E-B49D-C656DF800F81}.Debug|ARM.Build.0 = Debug|ARM
		{E0BAA704-84B5-402E-B49D-C656DF800F81}.Debug|ARM.Deploy.0 = Debug|ARM
		{E0BAA704-84B5-402E-B49D-C656DF800F81}.Debug|x64.ActiveCfg = Debug|x64
		{E0BAA704-84B5-402E-B49D-C656DF800F81}.Debug|x64.Build.0 = Debug|x64
		{E0BAA704-84B5-402E-B49D-C656DF800F81}.Debug|x64.Deploy.0 = Debug|x64
		{E0BAA704-84B5-402E-B49D-C656DF800F81}.Debug|x86.ActiveCfg = Debug|x86
		{E0BAA704-84B5-402E-B49D-C656DF800F81}.Debug|x86.Build.0 = Debug|x86
		{E0BAA704-84B5-402E-B49D-C656DF800F81}.Debug|x86.Deploy.0 = Debug|x86
		{E0BAA704-84B5-402E-B49D-C656DF800F81}.Release|Any CPU.ActiveCfg = Release|x86
		{E0BAA704-84B5-402E-B49D-C656DF800F81}.Release|ARM.ActiveCfg = Release|ARM
		{E0BAA704-84B5-402E-B49D-C656DF800F81}.Release|ARM.Build.0 = Release|ARM
		{E0BAA704-84B5-402E-B49D-C656DF800F81}.Release|ARM.Deploy.0 = Release|ARM
		{E0BAA704-84B5-402E-B49D-C656DF800F81}.Release|x64.ActiveCfg = Release|x64
		{E0BAA704-84B5-402E-B49D-C656DF800F81}.Release|x64.Build.0 = Release|x64
		{E0BAA704-84B5-402E-B49D-C656DF800F81}.Release|x64.Deploy.0 = Release|x64
		{E0BAA704-84B5-402E-B49D-C656DF800F81}.Release|x86.ActiveCfg = Release|x86
		{E0BAA704-84B5-402E-B49D-C656DF800F81}.Release|x86.Build.0 = Release|x86
		{E0BAA704-84B5-402E-B49D-C656DF800F81}.Release|x86.Deploy.0 = Release|x86
		{7FE1B16C-9AF2-4F61-A514-071512FBA11C}.Debug|Any CPU.ActiveCfg = Debug|x86
		{7FE1B16C-9AF2-4F61-A514-071512FBA11C}.Debug|ARM.ActiveCfg = Debug|ARM
		{7FE1B16C-9AF2-4F61-A514-071512FBA11C}.Debug|ARM.Build.0 = Debug|ARM
		{7FE1B16C-9AF2-4F61-A514-071512FBA11C}.Debug|ARM.Deploy.0 = Debug|ARM
		{7FE1B16C-9AF2-4F61-A514-071512FBA11C}.Debug|x64.ActiveCfg = Debug|x64
		{7FE1B16C-9AF2-4F61-A514-071512FBA11C}.Debug|x64.Build.0 = Debug|x64
		{7FE1B16C-9AF2-4F61-A514-071512FBA11C}.Debug|x64.Deploy.0 = Debug|x64
		{7FE1B16C-9AF2-4F61-A514-071512FBA11C}.Debug|x86.ActiveCfg = Debug|x86
		{7FE1B16C-9AF2-4F61-A514-071512FBA11C}.Debug|x86.Build.0 = Debug|x86
		{7FE1B16C-9AF2-4F61-A514-071512FBA11C}.Debug|x86.Deploy.0 = Debug|x86
		{7FE1B16C-9AF2-4F61-A514-071512FBA11C}.Release|Any CPU.ActiveCfg = Release|x86
		{7FE1B16C-9AF2-4F61-A514-071512FBA11C}.Release|ARM.ActiveCfg = Release|ARM
		{7FE1B16C-9AF2-4F61-A514-071512FBA11C}.Release|ARM.Build.0 = Release|ARM
		{7FE1B16C-9AF2-4F61-A514-071512FBA11C}.Release|ARM.Deploy.0 = Release|ARM
		{7FE1B16C-9AF2-4F61-A514-071512FBA11C}.Release|x64.ActiveCfg = Release|x64
		{7FE1B16C-9AF2-4F61-A514-071512FBA11C}.Release|x64.Build.0 = Release|x64
		{7FE1B16C-9AF2-4F61-A514-071512FBA11C}.Release|x64.Deploy.0 = Release|x64
		{7FE1B16C-9AF2-4F61-A514-071512FBA11C}.Release|x86.ActiveCfg = Release|x86
		{7FE1B16C-9AF2-4F61-A514-071512FBA11C}.Release|x86.Build.0 = Release|x86
		{7FE1B16C-9AF2-4F61-A514-071512FBA11C}.Release|x86.Deploy.0 = Release|x86
		{50FA8AFF-E131-4BD6-8751-CC9012B88318}.Debug|Any CPU.ActiveCfg = Debug|x86
		{50FA8AFF-E131-4BD6-8751-CC9012B88318}.Debug|ARM.ActiveCfg = Debug|ARM
		{50FA8AFF-E131-4BD6-8751-CC9012B88318}.Debug|ARM.Build.0 = Debug|ARM
		{50FA8AFF-E131-4BD6-8751-CC9012B88318}.Debug|ARM.Deploy.0 = Debug|ARM
		{50FA8AFF-E131-4BD6-8751-CC9012B88318}.Debug|x64.ActiveCfg = Debug|x64
		{50FA8AFF-E131-4BD6-8751-CC9012B88318}.Debug|x64.Build.0 = Debug|x64
		{50FA8AFF-E131-4BD6-8751-CC9012B88318}.Debug|x64.Deploy.0 = Debug|x64
		{50FA8AFF-E131-4BD6-8751-CC9012B88318}.Debug|x86.ActiveCfg = Debug|x86
		{50FA8AFF-E131-4BD6-8751-CC9012B88318}.Debug|x86.Build.0 = Debug|x86
		{50FA8AFF-E131-4BD6-8751-CC9012B88318}.Debug|x86.Deploy.0 = Debug|x86
		{50FA8AFF-E131-4BD6-8751-CC9012B88318}.Release|Any CPU.ActiveCfg = Release|x86
		{50FA8AFF-E131-4BD6-8751-CC9012B88318}.Release|ARM.ActiveCfg = Release|ARM
		{50FA8AFF-E131-4BD6-8751-CC9012B88318}.Release|ARM.Build.0 = Release|ARM
		{50FA8AFF-E131-4BD6-8751-CC9012B88318}.Release|ARM.Deploy.0 = Release|ARM
		{50FA8AFF-E131-4BD6-8751-CC9012B88318}.Release|x64.ActiveCfg = Release|x64
		{50FA8AFF-E131-4BD6-8751-CC9012B88318}.Release|x64.Build.0 = Release|x64
		{50FA8AFF-E131-4BD6-8751-CC9012B88318}.Release|x64.Deploy.0 = Release|x64
		{50FA8AFF-E131-4BD6-8751-CC9012B88318}.Release|x86.ActiveCfg = Release|x86
		{50FA8AFF-E131-4BD6-8751-CC9012B88318}.Release|x86.Build.0 = Release|x86
		{50FA8AFF-E131-4BD6-8751-CC9012B88318}.Release|x86.Deploy.0 = Release|x86
		{D799741E-27BF-4F82-BF69-4B8F6A72563D}.Debug|Any CPU.ActiveCfg = Debug|x86
		{D799741E-27BF-4F82-BF69-4B8F6A72563D}.Debug|ARM.ActiveCfg = Debug|ARM
		{D799741E-27BF-4F82-BF69-4B8F6A72563D}.Debug|ARM.Build.0 = Debug|ARM
		{D799741E-27BF-4F82-BF69-4B8F6A72563D}.Debug|ARM.Deploy.0 = Debug|ARM
		{D799741E-27BF-4F82-BF69-4B8F6A72563D}.Debug|x64.ActiveCfg = Debug|x64
		{D799741E-27BF-4F82-BF69-4B8F6A72563D}.Debug|x64.Build.0 = Debug|x64
		{D799741E-27BF-4F82-BF69-4B8F6A72563D}.Debug|x64.Deploy.0 = Debug|x64
		{D799741E-27BF-4F82-BF69-4B8F6A72563D}.Debug|x86.ActiveCfg = Debug|x86
		{D799741E-27BF-4F82-BF69-4B8F6A72563D}.Debug|x86.Build.0 = Debug|x86
		{D799741E-27BF-4F82-BF69-4B8F6A72563D}.Debug|x86.Deploy.0 = Debug|x86
		{D799741E-27BF-4F82-BF69-4B8F6A72563D}.Release|Any CPU.ActiveCfg = Release|x86
		{D799741E-27BF-4F82-BF69-4B8F6A72563D}.Release|ARM.ActiveCfg = Release|ARM
		{D799741E-27BF-4F82-BF69-4B8F6A72563D}.Release|ARM.Build.0 = Release|ARM
		{D799741E-27BF-4F82-BF69-4B8F6A72563D}.Release|ARM.Deploy.0 = Release|ARM
		{D799741E-27BF-4F82-BF69-4B8F6A72563D}.Release|x64.ActiveCfg = Release|x64
		{D799741E-27BF-4F82-BF69-4B8F6A72563D}.Release|x64.Build.0 = Release|x64
		{D799741E-27BF-4F82-BF69-4B8F6A72563D}.Release|x64.Deploy.0 = Release|x64
		{D799741E-27BF-4F82-BF69-4B8F6A72563D}.Release|x86.ActiveCfg = Release|x86
		{D799741E-27BF-4F82-BF69-4B8F6A72563D}.Release|x86.Build.0 = Release|x86
		{D799741E-27BF-4F82-BF69-4B8F6A72563D}.Release|x86.Deploy.0 = Release|x86
		{FA292CD0-74FA-4593-B3EB-C7F53B2C78BA}.Debug|Any CPU.ActiveCfg = Debug|x86
		{FA292CD0-74FA-4593-B3EB-C7F53B2C78BA}.Debug|ARM.ActiveCfg = Debug|ARM
		{FA292CD0-74FA-4593-B3EB-C7F53B2C78BA}.Debug|ARM.Build.0 = Debug|ARM
		{FA292CD0-74FA-4593-B3EB-C7F53B2C78BA}.Debug|ARM.Deploy.0 = Debug|ARM
		{FA292CD0-74FA-4593-B3EB-C7F53B2C78BA}.Debug|x64.ActiveCfg = Debug|x64
		{FA292CD0-74FA-4593-B3EB-C7F53B2C78BA}.Debug|x64.Build.0 = Debug|x64
		{FA292CD0-74FA-4593-B3EB-C7F53B2C78BA}.Debug|x64.Deploy.0 = Debug|x64
		{FA292CD0-74FA-4593-B3EB-C7F53B2C78BA}.Debug|x86.ActiveCfg = Debug|x86
		{FA292CD0-74FA-4593-B3EB-C7F53B2C78BA}.Debug|x86.Build.0 = Debug|x86
		{FA292CD0-74FA-4593-B3EB-C7F53B2C78BA}.Debug|x86.Deploy.0 = Debug|x86
		{FA292CD0-74FA-4593-B3EB-C7F53B2C78BA}.Release|Any CPU.ActiveCfg = Release|x86
		{FA292CD0-74FA-4593-B3EB-C7F53B2C78BA}.Release|ARM.ActiveCfg = Release|ARM
		{FA292CD0-74FA-4593-B3EB-C7F53B2C78BA}.Release|ARM.Build.0 = Release|ARM
		{FA292CD0-74FA-4593-B3EB-C7F53B2C78BA}.Release|ARM.Deploy.0 = Release|ARM
		{FA292CD0-74FA-4593-B3EB-C7F53B2C78BA}.Release|x64.ActiveCfg = Release|x64
		{FA292CD0-74FA-4593-B3EB-C7F53B2C78BA}.Release|x64.Build.0 = Release|x64
		{FA292CD0-74FA-4593-B3EB-C7F53B2C78BA}.Release|x64.Deploy.0 = Release|x64
		{FA292CD0-74FA-4593-B3EB-C7F53B2C78BA}.Release|x86.ActiveCfg = Release|x86
		{FA292CD0-74FA-4593-B3EB-C7F53B2C78BA}.Release|x86.Build.0 = Release|x86
		{FA292CD0-74FA-4593-B3EB-C7F53B2C78BA}.Release|x86.Deploy.0 = Release|x86
		{56B3A981-9AEA-400F-AF93-7B86D83273ED}.Debug|Any CPU.ActiveCfg = Debug|x86
		{56B3A981-9AEA-400F-AF93-7B86D83273ED}.Debug|ARM.ActiveCfg = Debug|ARM
		{56B3A981-9AEA-400F-AF93-7B86D83273ED}.Debug|ARM.Build.0 = Debug|ARM
		{56B3A981-9AEA-400F-AF93-7B86D83273ED}.Debug|ARM.Deploy.0 = Debug|ARM
		{56B3A981-9AEA-400F-AF93-7B86D83273ED}.Debug|x64.ActiveCfg = Debug|x64
		{56B3A981-9AEA-400F-AF93-7B86D83273ED}.Debug|x64.Build.0 = Debug|x64
		{56B3A981-9AEA-400F-AF93-7B86D83273ED}.Debug|x64.Deploy.0 = Debug|x64
		{56B3A981-9AEA-400F-AF93-7B86D83273ED}.Debug|x86.ActiveCfg = Debug|x86
		{56B3A981-9AEA-400F-AF93-7B86D83273ED}.Debug|x86.Build.0 = Debug|x86
		{56B3A981-9AEA-400F-AF93-7B86D83273ED}.Debug|x86.Deploy.0 = Debug|x86
		{56B3A981-9AEA-400F-AF93-7B86D83273ED}.Release|Any CPU.ActiveCfg = Release|x86
		{56B3A981-9AEA-400F-AF93-7B86D83273ED}.Release|ARM.ActiveCfg = Release|ARM
		{56B3A981-9AEA-400F-AF93-7B86D83273ED}.Release|ARM.Build.0 = Release|ARM
		{56B3A981-9AEA-400F-AF93-7B86D83273ED}.Release|ARM.Deploy.0 = Release|ARM
		{56B3A981-9AEA-400F-AF93-7B86D83273ED}.Release|x64.ActiveCfg = Release|x64
		{56B3A981-9AEA-400F-AF93-7B86D83273ED}.Release|x64.Build.0 = Release|x64
		{56B3A981-9AEA-400F-AF93-7B86D83273ED}.Release|x64.Deploy.0 = Release|x64
		{56B3A981-9AEA-400F-AF93-7B86D83273ED}.Release|x86.ActiveCfg = Release|x86
		{56B3A981-9AEA-400F-AF93-7B86D83273ED}.Release|x86.Build.0 = Release|x86
		{56B3A981-9AEA-400F-AF93-7B86D83273ED}.Release|x86.Deploy.0 = Release|x86
	EndGlobalSection
	GlobalSection(SolutionProperties) = preSolution
		HideSolutionNode = FALSE
	EndGlobalSection
EndGlobal
